
Microsoft Visual Studio Solution File, Format Version 12.00
# Visual Studio 15
VisualStudioVersion = 15.0.28307.1000
MinimumVisualStudioVersion = 10.0.40219.1
Project("{D2ABAB84-BF74-430A-B69E-9DC6D40DDA17}") = "Group 11 DSV Final3", "Group 11 DSV Final3\Group 11 DSV Final3.dwproj", "{003B3B82-E545-4B31-9B8B-B57E7E4EF1DB}"
EndProject
Global
	GlobalSection(SolutionConfigurationPlatforms) = preSolution
		Development|Default = Development|Default
	EndGlobalSection
	GlobalSection(ProjectConfigurationPlatforms) = postSolution
		{003B3B82-E545-4B31-9B8B-B57E7E4EF1DB}.Development|Default.ActiveCfg = Development
		{003B3B82-E545-4B31-9B8B-B57E7E4EF1DB}.Development|Default.Build.0 = Development
		{003B3B82-E545-4B31-9B8B-B57E7E4EF1DB}.Development|Default.Deploy.0 = Development
	EndGlobalSection
	GlobalSection(SolutionProperties) = preSolution
		HideSolutionNode = FALSE
	EndGlobalSection
	GlobalSection(ExtensibilityGlobals) = postSolution
		SolutionGuid = {7B6B05A7-F398-43E7-9698-9D9A821C585C}
	EndGlobalSection
EndGlobal
